
Microsoft Visual Studio Solution File, Format Version 12.00
Project("{FAE04EC0-301F-11D3-BF4B-00C04F79EFBC}") = "BorderOnPause", "BorderOnPause.csproj", "{1D285F44-66CD-47AA-B1DA-0A1C4109D840}"
EndProject
Global
	GlobalSection(SolutionConfigurationPlatforms) = preSolution
		Debug|Any CPU = Debug|Any CPU
		Release|Any CPU = Release|Any CPU
	EndGlobalSection
	GlobalSection(ProjectConfigurationPlatforms) = postSolution
		{1D285F44-66CD-47AA-B1DA-0A1C4109D840}.Debug|Any CPU.ActiveCfg = Debug|Any CPU
		{1D285F44-66CD-47AA-B1DA-0A1C4109D840}.Debug|Any CPU.Build.0 = Debug|Any CPU
		{1D285F44-66CD-47AA-B1DA-0A1C4109D840}.Release|Any CPU.ActiveCfg = Release|Any CPU
		{1D285F44-66CD-47AA-B1DA-0A1C4109D840}.Release|Any CPU.Build.0 = Release|Any CPU
	EndGlobalSection
EndGlobal
